
Microsoft Visual Studio Solution File, Format Version 12.00
# Visual Studio Version 17
VisualStudioVersion = 17.9.34714.143
MinimumVisualStudioVersion = 10.0.40219.1
Project("{9A19103F-16F7-4668-BE54-9A1E7A4F7556}") = "OrdersWebApp", "OrdersWebApp\OrdersWebApp.csproj", "{9C047B88-24FD-4E48-8E36-A749AA759FA2}"
EndProject
Project("{FAE04EC0-301F-11D3-BF4B-00C04F79EFBC}") = "Producer", "Producer\Producer.csproj", "{995FFA17-71D7-4563-BB7D-6EEEBC2332AA}"
EndProject
Project("{FAE04EC0-301F-11D3-BF4B-00C04F79EFBC}") = "Shared", "Shared\Shared.csproj", "{66AAC6BB-093A-4475-90DE-044A92B781B4}"
EndProject
Global
	GlobalSection(SolutionConfigurationPlatforms) = preSolution
		Debug|Any CPU = Debug|Any CPU
		Release|Any CPU = Release|Any CPU
	EndGlobalSection
	GlobalSection(ProjectConfigurationPlatforms) = postSolution
		{9C047B88-24FD-4E48-8E36-A749AA759FA2}.Debug|Any CPU.ActiveCfg = Debug|Any CPU
		{9C047B88-24FD-4E48-8E36-A749AA759FA2}.Debug|Any CPU.Build.0 = Debug|Any CPU
		{9C047B88-24FD-4E48-8E36-A749AA759FA2}.Release|Any CPU.ActiveCfg = Release|Any CPU
		{9C047B88-24FD-4E48-8E36-A749AA759FA2}.Release|Any CPU.Build.0 = Release|Any CPU
		{995FFA17-71D7-4563-BB7D-6EEEBC2332AA}.Debug|Any CPU.ActiveCfg = Debug|Any CPU
		{995FFA17-71D7-4563-BB7D-6EEEBC2332AA}.Debug|Any CPU.Build.0 = Debug|Any CPU
		{995FFA17-71D7-4563-BB7D-6EEEBC2332AA}.Release|Any CPU.ActiveCfg = Release|Any CPU
		{995FFA17-71D7-4563-BB7D-6EEEBC2332AA}.Release|Any CPU.Build.0 = Release|Any CPU
		{66AAC6BB-093A-4475-90DE-044A92B781B4}.Debug|Any CPU.ActiveCfg = Debug|Any CPU
		{66AAC6BB-093A-4475-90DE-044A92B781B4}.Debug|Any CPU.Build.0 = Debug|Any CPU
		{66AAC6BB-093A-4475-90DE-044A92B781B4}.Release|Any CPU.ActiveCfg = Release|Any CPU
		{66AAC6BB-093A-4475-90DE-044A92B781B4}.Release|Any CPU.Build.0 = Release|Any CPU
	EndGlobalSection
	GlobalSection(SolutionProperties) = preSolution
		HideSolutionNode = FALSE
	EndGlobalSection
	GlobalSection(ExtensibilityGlobals) = postSolution
		SolutionGuid = {3DDC4457-9605-4F41-88DC-6D007E6F026F}
	EndGlobalSection
EndGlobal
